
Microsoft Visual Studio Solution File, Format Version 12.00
# Visual Studio Version 16
VisualStudioVersion = 16.0.31313.79
MinimumVisualStudioVersion = 10.0.40219.1
Project("{FAE04EC0-301F-11D3-BF4B-00C04F79EFBC}") = "Slides", "Slides\Slides.csproj", "{53800586-26B8-4C55-BE03-B20151785646}"
EndProject
Global
	GlobalSection(SolutionConfigurationPlatforms) = preSolution
		Debug|Any CPU = Debug|Any CPU
		Release|Any CPU = Release|Any CPU
	EndGlobalSection
	GlobalSection(ProjectConfigurationPlatforms) = postSolution
		{53800586-26B8-4C55-BE03-B20151785646}.Debug|Any CPU.ActiveCfg = Debug|Any CPU
		{53800586-26B8-4C55-BE03-B20151785646}.Debug|Any CPU.Build.0 = Debug|Any CPU
		{53800586-26B8-4C55-BE03-B20151785646}.Release|Any CPU.ActiveCfg = Release|Any CPU
		{53800586-26B8-4C55-BE03-B20151785646}.Release|Any CPU.Build.0 = Release|Any CPU
	EndGlobalSection
	GlobalSection(SolutionProperties) = preSolution
		HideSolutionNode = FALSE
	EndGlobalSection
	GlobalSection(ExtensibilityGlobals) = postSolution
		SolutionGuid = {EB80A996-FC6C-4729-BB4D-C734DBE8D1B1}
	EndGlobalSection
EndGlobal
