
Microsoft Visual Studio Solution File, Format Version 12.00
# Visual Studio Version 17
VisualStudioVersion = 17.0.31903.59
MinimumVisualStudioVersion = 10.0.40219.1
Project("{9A19103F-16F7-4668-BE54-9A1E7A4F7556}") = "TaxCalculation", "TaxCalculation\TaxCalculation.csproj", "{F80EBC5B-E7CB-4247-85FC-E185108D863F}"
EndProject
Project("{9A19103F-16F7-4668-BE54-9A1E7A4F7556}") = "TaxCalculation.Tests", "TaxCalculation.Tests\TaxCalculation.Tests.csproj", "{2B5A6653-9CD5-40F6-9001-1F3AAE8FFDB5}"
EndProject
Global
	GlobalSection(SolutionConfigurationPlatforms) = preSolution
		Debug|Any CPU = Debug|Any CPU
		Release|Any CPU = Release|Any CPU
	EndGlobalSection
	GlobalSection(ProjectConfigurationPlatforms) = postSolution
		{F80EBC5B-E7CB-4247-85FC-E185108D863F}.Debug|Any CPU.ActiveCfg = Debug|Any CPU
		{F80EBC5B-E7CB-4247-85FC-E185108D863F}.Debug|Any CPU.Build.0 = Debug|Any CPU
		{F80EBC5B-E7CB-4247-85FC-E185108D863F}.Release|Any CPU.ActiveCfg = Release|Any CPU
		{F80EBC5B-E7CB-4247-85FC-E185108D863F}.Release|Any CPU.Build.0 = Release|Any CPU
		{2B5A6653-9CD5-40F6-9001-1F3AAE8FFDB5}.Debug|Any CPU.ActiveCfg = Debug|Any CPU
		{2B5A6653-9CD5-40F6-9001-1F3AAE8FFDB5}.Debug|Any CPU.Build.0 = Debug|Any CPU
		{2B5A6653-9CD5-40F6-9001-1F3AAE8FFDB5}.Release|Any CPU.ActiveCfg = Release|Any CPU
		{2B5A6653-9CD5-40F6-9001-1F3AAE8FFDB5}.Release|Any CPU.Build.0 = Release|Any CPU
	EndGlobalSection
	GlobalSection(SolutionProperties) = preSolution
		HideSolutionNode = FALSE
	EndGlobalSection
	GlobalSection(ExtensibilityGlobals) = postSolution
		SolutionGuid = {B2011B60-8690-44B1-B7DC-DB4747C3CDBC}
	EndGlobalSection
EndGlobal
